
Microsoft Visual Studio Solution File, Format Version 12.00
# Visual Studio 2013
VisualStudioVersion = 12.0.21005.1
MinimumVisualStudioVersion = 10.0.40219.1
Project("{FAE04EC0-301F-11D3-BF4B-00C04F79EFBC}") = "Lectionary.Core", "Lectionary.Core\Lectionary.Core.csproj", "{96E26A95-CD8E-4A4C-ADD3-52A39D799515}"
EndProject
Project("{FAE04EC0-301F-11D3-BF4B-00C04F79EFBC}") = "Lectionary.WindowsStore", "Lectionary.WindowsStore\Lectionary.WindowsStore.csproj", "{BF640AD9-D8E4-4FFD-8F73-4B1AAF5E6BF2}"
EndProject
Project("{FAE04EC0-301F-11D3-BF4B-00C04F79EFBC}") = "Lectionary.Droid", "Lectionary.Droid\Lectionary.Droid.csproj", "{FABC1B33-5885-492A-9467-4E15B54351CD}"
EndProject
Project("{FAE04EC0-301F-11D3-BF4B-00C04F79EFBC}") = "Lectionary.Phone", "Lectionary.Phone\Lectionary.Phone.csproj", "{91F8D883-D3BC-4FA5-B510-3E0964B60E92}"
EndProject
Project("{FAE04EC0-301F-11D3-BF4B-00C04F79EFBC}") = "Lectionary.iOS", "Lectionary.iOS\Lectionary.iOS.csproj", "{1CE4F87E-E6A0-4256-B423-7B664F8281C3}"
EndProject
Global
	GlobalSection(SolutionConfigurationPlatforms) = preSolution
		Ad-Hoc|Any CPU = Ad-Hoc|Any CPU
		Ad-Hoc|ARM = Ad-Hoc|ARM
		Ad-Hoc|iPhone = Ad-Hoc|iPhone
		Ad-Hoc|iPhoneSimulator = Ad-Hoc|iPhoneSimulator
		Ad-Hoc|Mixed Platforms = Ad-Hoc|Mixed Platforms
		Ad-Hoc|x64 = Ad-Hoc|x64
		Ad-Hoc|x86 = Ad-Hoc|x86
		AppStore|Any CPU = AppStore|Any CPU
		AppStore|ARM = AppStore|ARM
		AppStore|iPhone = AppStore|iPhone
		AppStore|iPhoneSimulator = AppStore|iPhoneSimulator
		AppStore|Mixed Platforms = AppStore|Mixed Platforms
		AppStore|x64 = AppStore|x64
		AppStore|x86 = AppStore|x86
		Debug|Any CPU = Debug|Any CPU
		Debug|ARM = Debug|ARM
		Debug|iPhone = Debug|iPhone
		Debug|iPhoneSimulator = Debug|iPhoneSimulator
		Debug|Mixed Platforms = Debug|Mixed Platforms
		Debug|x64 = Debug|x64
		Debug|x86 = Debug|x86
		Release|Any CPU = Release|Any CPU
		Release|ARM = Release|ARM
		Release|iPhone = Release|iPhone
		Release|iPhoneSimulator = Release|iPhoneSimulator
		Release|Mixed Platforms = Release|Mixed Platforms
		Release|x64 = Release|x64
		Release|x86 = Release|x86
	EndGlobalSection
	GlobalSection(ProjectConfigurationPlatforms) = postSolution
		{96E26A95-CD8E-4A4C-ADD3-52A39D799515}.Ad-Hoc|Any CPU.ActiveCfg = Release|Any CPU
		{96E26A95-CD8E-4A4C-ADD3-52A39D799515}.Ad-Hoc|Any CPU.Build.0 = Release|Any CPU
		{96E26A95-CD8E-4A4C-ADD3-52A39D799515}.Ad-Hoc|ARM.ActiveCfg = Release|Any CPU
		{96E26A95-CD8E-4A4C-ADD3-52A39D799515}.Ad-Hoc|iPhone.ActiveCfg = Release|Any CPU
		{96E26A95-CD8E-4A4C-ADD3-52A39D799515}.Ad-Hoc|iPhoneSimulator.ActiveCfg = Release|Any CPU
		{96E26A95-CD8E-4A4C-ADD3-52A39D799515}.Ad-Hoc|Mixed Platforms.ActiveCfg = Release|Any CPU
		{96E26A95-CD8E-4A4C-ADD3-52A39D799515}.Ad-Hoc|Mixed Platforms.Build.0 = Release|Any CPU
		{96E26A95-CD8E-4A4C-ADD3-52A39D799515}.Ad-Hoc|x64.ActiveCfg = Release|Any CPU
		{96E26A95-CD8E-4A4C-ADD3-52A39D799515}.Ad-Hoc|x86.ActiveCfg = Release|Any CPU
		{96E26A95-CD8E-4A4C-ADD3-52A39D799515}.AppStore|Any CPU.ActiveCfg = Release|Any CPU
		{96E26A95-CD8E-4A4C-ADD3-52A39D799515}.AppStore|Any CPU.Build.0 = Release|Any CPU
		{96E26A95-CD8E-4A4C-ADD3-52A39D799515}.AppStore|ARM.ActiveCfg = Release|Any CPU
		{96E26A95-CD8E-4A4C-ADD3-52A39D799515}.AppStore|iPhone.ActiveCfg = Release|Any CPU
		{96E26A95-CD8E-4A4C-ADD3-52A39D799515}.AppStore|iPhoneSimulator.ActiveCfg = Release|Any CPU
		{96E26A95-CD8E-4A4C-ADD3-52A39D799515}.AppStore|Mixed Platforms.ActiveCfg = Release|Any CPU
		{96E26A95-CD8E-4A4C-ADD3-52A39D799515}.AppStore|Mixed Platforms.Build.0 = Release|Any CPU
		{96E26A95-CD8E-4A4C-ADD3-52A39D799515}.AppStore|x64.ActiveCfg = Release|Any CPU
		{96E26A95-CD8E-4A4C-ADD3-52A39D799515}.AppStore|x86.ActiveCfg = Release|Any CPU
		{96E26A95-CD8E-4A4C-ADD3-52A39D799515}.Debug|Any CPU.ActiveCfg = Debug|Any CPU
		{96E26A95-CD8E-4A4C-ADD3-52A39D799515}.Debug|Any CPU.Build.0 = Debug|Any CPU
		{96E26A95-CD8E-4A4C-ADD3-52A39D799515}.Debug|ARM.ActiveCfg = Debug|Any CPU
		{96E26A95-CD8E-4A4C-ADD3-52A39D799515}.Debug|iPhone.ActiveCfg = Debug|Any CPU
		{96E26A95-CD8E-4A4C-ADD3-52A39D799515}.Debug|iPhoneSimulator.ActiveCfg = Debug|Any CPU
		{96E26A95-CD8E-4A4C-ADD3-52A39D799515}.Debug|Mixed Platforms.ActiveCfg = Debug|Any CPU
		{96E26A95-CD8E-4A4C-ADD3-52A39D799515}.Debug|Mixed Platforms.Build.0 = Debug|Any CPU
		{96E26A95-CD8E-4A4C-ADD3-52A39D799515}.Debug|x64.ActiveCfg = Debug|Any CPU
		{96E26A95-CD8E-4A4C-ADD3-52A39D799515}.Debug|x86.ActiveCfg = Debug|Any CPU
		{96E26A95-CD8E-4A4C-ADD3-52A39D799515}.Release|Any CPU.ActiveCfg = Release|Any CPU
		{96E26A95-CD8E-4A4C-ADD3-52A39D799515}.Release|Any CPU.Build.0 = Release|Any CPU
		{96E26A95-CD8E-4A4C-ADD3-52A39D799515}.Release|ARM.ActiveCfg = Release|Any CPU
		{96E26A95-CD8E-4A4C-ADD3-52A39D799515}.Release|iPhone.ActiveCfg = Release|Any CPU
		{96E26A95-CD8E-4A4C-ADD3-52A39D799515}.Release|iPhoneSimulator.ActiveCfg = Release|Any CPU
		{96E26A95-CD8E-4A4C-ADD3-52A39D799515}.Release|Mixed Platforms.ActiveCfg = Release|Any CPU
		{96E26A95-CD8E-4A4C-ADD3-52A39D799515}.Release|Mixed Platforms.Build.0 = Release|Any CPU
		{96E26A95-CD8E-4A4C-ADD3-52A39D799515}.Release|x64.ActiveCfg = Release|Any CPU
		{96E26A95-CD8E-4A4C-ADD3-52A39D799515}.Release|x86.ActiveCfg = Release|Any CPU
		{BF640AD9-D8E4-4FFD-8F73-4B1AAF5E6BF2}.Ad-Hoc|Any CPU.ActiveCfg = Release|Any CPU
		{BF640AD9-D8E4-4FFD-8F73-4B1AAF5E6BF2}.Ad-Hoc|Any CPU.Build.0 = Release|Any CPU
		{BF640AD9-D8E4-4FFD-8F73-4B1AAF5E6BF2}.Ad-Hoc|Any CPU.Deploy.0 = Release|Any CPU
		{BF640AD9-D8E4-4FFD-8F73-4B1AAF5E6BF2}.Ad-Hoc|ARM.ActiveCfg = Release|ARM
		{BF640AD9-D8E4-4FFD-8F73-4B1AAF5E6BF2}.Ad-Hoc|ARM.Build.0 = Release|ARM
		{BF640AD9-D8E4-4FFD-8F73-4B1AAF5E6BF2}.Ad-Hoc|ARM.Deploy.0 = Release|ARM
		{BF640AD9-D8E4-4FFD-8F73-4B1AAF5E6BF2}.Ad-Hoc|iPhone.ActiveCfg = Release|Any CPU
		{BF640AD9-D8E4-4FFD-8F73-4B1AAF5E6BF2}.Ad-Hoc|iPhoneSimulator.ActiveCfg = Release|Any CPU
		{BF640AD9-D8E4-4FFD-8F73-4B1AAF5E6BF2}.Ad-Hoc|Mixed Platforms.ActiveCfg = Release|x86
		{BF640AD9-D8E4-4FFD-8F73-4B1AAF5E6BF2}.Ad-Hoc|Mixed Platforms.Build.0 = Release|x86
		{BF640AD9-D8E4-4FFD-8F73-4B1AAF5E6BF2}.Ad-Hoc|Mixed Platforms.Deploy.0 = Release|x86
		{BF640AD9-D8E4-4FFD-8F73-4B1AAF5E6BF2}.Ad-Hoc|x64.ActiveCfg = Release|x64
		{BF640AD9-D8E4-4FFD-8F73-4B1AAF5E6BF2}.Ad-Hoc|x64.Build.0 = Release|x64
		{BF640AD9-D8E4-4FFD-8F73-4B1AAF5E6BF2}.Ad-Hoc|x64.Deploy.0 = Release|x64
		{BF640AD9-D8E4-4FFD-8F73-4B1AAF5E6BF2}.Ad-Hoc|x86.ActiveCfg = Release|x86
		{BF640AD9-D8E4-4FFD-8F73-4B1AAF5E6BF2}.Ad-Hoc|x86.Build.0 = Release|x86
		{BF640AD9-D8E4-4FFD-8F73-4B1AAF5E6BF2}.Ad-Hoc|x86.Deploy.0 = Release|x86
		{BF640AD9-D8E4-4FFD-8F73-4B1AAF5E6BF2}.AppStore|Any CPU.ActiveCfg = Release|Any CPU
		{BF640AD9-D8E4-4FFD-8F73-4B1AAF5E6BF2}.AppStore|Any CPU.Build.0 = Release|Any CPU
		{BF640AD9-D8E4-4FFD-8F73-4B1AAF5E6BF2}.AppStore|Any CPU.Deploy.0 = Release|Any CPU
		{BF640AD9-D8E4-4FFD-8F73-4B1AAF5E6BF2}.AppStore|ARM.ActiveCfg = Release|ARM
		{BF640AD9-D8E4-4FFD-8F73-4B1AAF5E6BF2}.AppStore|ARM.Build.0 = Release|ARM
		{BF640AD9-D8E4-4FFD-8F73-4B1AAF5E6BF2}.AppStore|ARM.Deploy.0 = Release|ARM
		{BF640AD9-D8E4-4FFD-8F73-4B1AAF5E6BF2}.AppStore|iPhone.ActiveCfg = Release|Any CPU
		{BF640AD9-D8E4-4FFD-8F73-4B1AAF5E6BF2}.AppStore|iPhoneSimulator.ActiveCfg = Release|Any CPU
		{BF640AD9-D8E4-4FFD-8F73-4B1AAF5E6BF2}.AppStore|Mixed Platforms.ActiveCfg = Release|x86
		{BF640AD9-D8E4-4FFD-8F73-4B1AAF5E6BF2}.AppStore|Mixed Platforms.Build.0 = Release|x86
		{BF640AD9-D8E4-4FFD-8F73-4B1AAF5E6BF2}.AppStore|Mixed Platforms.Deploy.0 = Release|x86
		{BF640AD9-D8E4-4FFD-8F73-4B1AAF5E6BF2}.AppStore|x64.ActiveCfg = Release|x64
		{BF640AD9-D8E4-4FFD-8F73-4B1AAF5E6BF2}.AppStore|x64.Build.0 = Release|x64
		{BF640AD9-D8E4-4FFD-8F73-4B1AAF5E6BF2}.AppStore|x64.Deploy.0 = Release|x64
		{BF640AD9-D8E4-4FFD-8F73-4B1AAF5E6BF2}.AppStore|x86.ActiveCfg = Release|x86
		{BF640AD9-D8E4-4FFD-8F73-4B1AAF5E6BF2}.AppStore|x86.Build.0 = Release|x86
		{BF640AD9-D8E4-4FFD-8F73-4B1AAF5E6BF2}.AppStore|x86.Deploy.0 = Release|x86
		{BF640AD9-D8E4-4FFD-8F73-4B1AAF5E6BF2}.Debug|Any CPU.ActiveCfg = Debug|Any CPU
		{BF640AD9-D8E4-4FFD-8F73-4B1AAF5E6BF2}.Debug|Any CPU.Build.0 = Debug|Any CPU
		{BF640AD9-D8E4-4FFD-8F73-4B1AAF5E6BF2}.Debug|Any CPU.Deploy.0 = Debug|Any CPU
		{BF640AD9-D8E4-4FFD-8F73-4B1AAF5E6BF2}.Debug|ARM.ActiveCfg = Debug|ARM
		{BF640AD9-D8E4-4FFD-8F73-4B1AAF5E6BF2}.Debug|ARM.Build.0 = Debug|ARM
		{BF640AD9-D8E4-4FFD-8F73-4B1AAF5E6BF2}.Debug|ARM.Deploy.0 = Debug|ARM
		{BF640AD9-D8E4-4FFD-8F73-4B1AAF5E6BF2}.Debug|iPhone.ActiveCfg = Debug|Any CPU
		{BF640AD9-D8E4-4FFD-8F73-4B1AAF5E6BF2}.Debug|iPhoneSimulator.ActiveCfg = Debug|Any CPU
		{BF640AD9-D8E4-4FFD-8F73-4B1AAF5E6BF2}.Debug|Mixed Platforms.ActiveCfg = Debug|x86
		{BF640AD9-D8E4-4FFD-8F73-4B1AAF5E6BF2}.Debug|Mixed Platforms.Build.0 = Debug|x86
		{BF640AD9-D8E4-4FFD-8F73-4B1AAF5E6BF2}.Debug|Mixed Platforms.Deploy.0 = Debug|x86
		{BF640AD9-D8E4-4FFD-8F73-4B1AAF5E6BF2}.Debug|x64.ActiveCfg = Debug|x64
		{BF640AD9-D8E4-4FFD-8F73-4B1AAF5E6BF2}.Debug|x64.Build.0 = Debug|x64
		{BF640AD9-D8E4-4FFD-8F73-4B1AAF5E6BF2}.Debug|x64.Deploy.0 = Debug|x64
		{BF640AD9-D8E4-4FFD-8F73-4B1AAF5E6BF2}.Debug|x86.ActiveCfg = Debug|x86
		{BF640AD9-D8E4-4FFD-8F73-4B1AAF5E6BF2}.Debug|x86.Build.0 = Debug|x86
		{BF640AD9-D8E4-4FFD-8F73-4B1AAF5E6BF2}.Debug|x86.Deploy.0 = Debug|x86
		{BF640AD9-D8E4-4FFD-8F73-4B1AAF5E6BF2}.Release|Any CPU.ActiveCfg = Release|Any CPU
		{BF640AD9-D8E4-4FFD-8F73-4B1AAF5E6BF2}.Release|Any CPU.Build.0 = Release|Any CPU
		{BF640AD9-D8E4-4FFD-8F73-4B1AAF5E6BF2}.Release|Any CPU.Deploy.0 = Release|Any CPU
		{BF640AD9-D8E4-4FFD-8F73-4B1AAF5E6BF2}.Release|ARM.ActiveCfg = Release|ARM
		{BF640AD9-D8E4-4FFD-8F73-4B1AAF5E6BF2}.Release|ARM.Build.0 = Release|ARM
		{BF640AD9-D8E4-4FFD-8F73-4B1AAF5E6BF2}.Release|ARM.Deploy.0 = Release|ARM
		{BF640AD9-D8E4-4FFD-8F73-4B1AAF5E6BF2}.Release|iPhone.ActiveCfg = Release|Any CPU
		{BF640AD9-D8E4-4FFD-8F73-4B1AAF5E6BF2}.Release|iPhoneSimulator.ActiveCfg = Release|Any CPU
		{BF640AD9-D8E4-4FFD-8F73-4B1AAF5E6BF2}.Release|Mixed Platforms.ActiveCfg = Release|x86
		{BF640AD9-D8E4-4FFD-8F73-4B1AAF5E6BF2}.Release|Mixed Platforms.Build.0 = Release|x86
		{BF640AD9-D8E4-4FFD-8F73-4B1AAF5E6BF2}.Release|Mixed Platforms.Deploy.0 = Release|x86
		{BF640AD9-D8E4-4FFD-8F73-4B1AAF5E6BF2}.Release|x64.ActiveCfg = Release|x64
		{BF640AD9-D8E4-4FFD-8F73-4B1AAF5E6BF2}.Release|x64.Build.0 = Release|x64
		{BF640AD9-D8E4-4FFD-8F73-4B1AAF5E6BF2}.Release|x64.Deploy.0 = Release|x64
		{BF640AD9-D8E4-4FFD-8F73-4B1AAF5E6BF2}.Release|x86.ActiveCfg = Release|x86
		{BF640AD9-D8E4-4FFD-8F73-4B1AAF5E6BF2}.Release|x86.Build.0 = Release|x86
		{BF640AD9-D8E4-4FFD-8F73-4B1AAF5E6BF2}.Release|x86.Deploy.0 = Release|x86
		{FABC1B33-5885-492A-9467-4E15B54351CD}.Ad-Hoc|Any CPU.ActiveCfg = Release|Any CPU
		{FABC1B33-5885-492A-9467-4E15B54351CD}.Ad-Hoc|Any CPU.Build.0 = Release|Any CPU
		{FABC1B33-5885-492A-9467-4E15B54351CD}.Ad-Hoc|Any CPU.Deploy.0 = Release|Any CPU
		{FABC1B33-5885-492A-9467-4E15B54351CD}.Ad-Hoc|ARM.ActiveCfg = Release|Any CPU
		{FABC1B33-5885-492A-9467-4E15B54351CD}.Ad-Hoc|iPhone.ActiveCfg = Release|Any CPU
		{FABC1B33-5885-492A-9467-4E15B54351CD}.Ad-Hoc|iPhoneSimulator.ActiveCfg = Release|Any CPU
		{FABC1B33-5885-492A-9467-4E15B54351CD}.Ad-Hoc|Mixed Platforms.ActiveCfg = Release|Any CPU
		{FABC1B33-5885-492A-9467-4E15B54351CD}.Ad-Hoc|Mixed Platforms.Build.0 = Release|Any CPU
		{FABC1B33-5885-492A-9467-4E15B54351CD}.Ad-Hoc|Mixed Platforms.Deploy.0 = Release|Any CPU
		{FABC1B33-5885-492A-9467-4E15B54351CD}.Ad-Hoc|x64.ActiveCfg = Release|Any CPU
		{FABC1B33-5885-492A-9467-4E15B54351CD}.Ad-Hoc|x86.ActiveCfg = Release|Any CPU
		{FABC1B33-5885-492A-9467-4E15B54351CD}.AppStore|Any CPU.ActiveCfg = Release|Any CPU
		{FABC1B33-5885-492A-9467-4E15B54351CD}.AppStore|Any CPU.Build.0 = Release|Any CPU
		{FABC1B33-5885-492A-9467-4E15B54351CD}.AppStore|Any CPU.Deploy.0 = Release|Any CPU
		{FABC1B33-5885-492A-9467-4E15B54351CD}.AppStore|ARM.ActiveCfg = Release|Any CPU
		{FABC1B33-5885-492A-9467-4E15B54351CD}.AppStore|iPhone.ActiveCfg = Release|Any CPU
		{FABC1B33-5885-492A-9467-4E15B54351CD}.AppStore|iPhoneSimulator.ActiveCfg = Release|Any CPU
		{FABC1B33-5885-492A-9467-4E15B54351CD}.AppStore|Mixed Platforms.ActiveCfg = Release|Any CPU
		{FABC1B33-5885-492A-9467-4E15B54351CD}.AppStore|Mixed Platforms.Build.0 = Release|Any CPU
		{FABC1B33-5885-492A-9467-4E15B54351CD}.AppStore|Mixed Platforms.Deploy.0 = Release|Any CPU
		{FABC1B33-5885-492A-9467-4E15B54351CD}.AppStore|x64.ActiveCfg = Release|Any CPU
		{FABC1B33-5885-492A-9467-4E15B54351CD}.AppStore|x86.ActiveCfg = Release|Any CPU
		{FABC1B33-5885-492A-9467-4E15B54351CD}.Debug|Any CPU.ActiveCfg = Debug|Any CPU
		{FABC1B33-5885-492A-9467-4E15B54351CD}.Debug|Any CPU.Build.0 = Debug|Any CPU
		{FABC1B33-5885-492A-9467-4E15B54351CD}.Debug|Any CPU.Deploy.0 = Debug|Any CPU
		{FABC1B33-5885-492A-9467-4E15B54351CD}.Debug|ARM.ActiveCfg = Debug|Any CPU
		{FABC1B33-5885-492A-9467-4E15B54351CD}.Debug|iPhone.ActiveCfg = Debug|Any CPU
		{FABC1B33-5885-492A-9467-4E15B54351CD}.Debug|iPhoneSimulator.ActiveCfg = Debug|Any CPU
		{FABC1B33-5885-492A-9467-4E15B54351CD}.Debug|Mixed Platforms.ActiveCfg = Debug|Any CPU
		{FABC1B33-5885-492A-9467-4E15B54351CD}.Debug|Mixed Platforms.Build.0 = Debug|Any CPU
		{FABC1B33-5885-492A-9467-4E15B54351CD}.Debug|Mixed Platforms.Deploy.0 = Debug|Any CPU
		{FABC1B33-5885-492A-9467-4E15B54351CD}.Debug|x64.ActiveCfg = Debug|Any CPU
		{FABC1B33-5885-492A-9467-4E15B54351CD}.Debug|x86.ActiveCfg = Debug|Any CPU
		{FABC1B33-5885-492A-9467-4E15B54351CD}.Release|Any CPU.ActiveCfg = Release|Any CPU
		{FABC1B33-5885-492A-9467-4E15B54351CD}.Release|Any CPU.Build.0 = Release|Any CPU
		{FABC1B33-5885-492A-9467-4E15B54351CD}.Release|Any CPU.Deploy.0 = Release|Any CPU
		{FABC1B33-5885-492A-9467-4E15B54351CD}.Release|ARM.ActiveCfg = Release|Any CPU
		{FABC1B33-5885-492A-9467-4E15B54351CD}.Release|iPhone.ActiveCfg = Release|Any CPU
		{FABC1B33-5885-492A-9467-4E15B54351CD}.Release|iPhoneSimulator.ActiveCfg = Release|Any CPU
		{FABC1B33-5885-492A-9467-4E15B54351CD}.Release|Mixed Platforms.ActiveCfg = Release|Any CPU
		{FABC1B33-5885-492A-9467-4E15B54351CD}.Release|Mixed Platforms.Build.0 = Release|Any CPU
		{FABC1B33-5885-492A-9467-4E15B54351CD}.Release|Mixed Platforms.Deploy.0 = Release|Any CPU
		{FABC1B33-5885-492A-9467-4E15B54351CD}.Release|x64.ActiveCfg = Release|Any CPU
		{FABC1B33-5885-492A-9467-4E15B54351CD}.Release|x86.ActiveCfg = Release|Any CPU
		{91F8D883-D3BC-4FA5-B510-3E0964B60E92}.Ad-Hoc|Any CPU.ActiveCfg = Release|Any CPU
		{91F8D883-D3BC-4FA5-B510-3E0964B60E92}.Ad-Hoc|Any CPU.Build.0 = Release|Any CPU
		{91F8D883-D3BC-4FA5-B510-3E0964B60E92}.Ad-Hoc|Any CPU.Deploy.0 = Release|Any CPU
		{91F8D883-D3BC-4FA5-B510-3E0964B60E92}.Ad-Hoc|ARM.ActiveCfg = Release|ARM
		{91F8D883-D3BC-4FA5-B510-3E0964B60E92}.Ad-Hoc|ARM.Build.0 = Release|ARM
		{91F8D883-D3BC-4FA5-B510-3E0964B60E92}.Ad-Hoc|ARM.Deploy.0 = Release|ARM
		{91F8D883-D3BC-4FA5-B510-3E0964B60E92}.Ad-Hoc|iPhone.ActiveCfg = Release|Any CPU
		{91F8D883-D3BC-4FA5-B510-3E0964B60E92}.Ad-Hoc|iPhoneSimulator.ActiveCfg = Release|Any CPU
		{91F8D883-D3BC-4FA5-B510-3E0964B60E92}.Ad-Hoc|Mixed Platforms.ActiveCfg = Release|x86
		{91F8D883-D3BC-4FA5-B510-3E0964B60E92}.Ad-Hoc|Mixed Platforms.Build.0 = Release|x86
		{91F8D883-D3BC-4FA5-B510-3E0964B60E92}.Ad-Hoc|Mixed Platforms.Deploy.0 = Release|x86
		{91F8D883-D3BC-4FA5-B510-3E0964B60E92}.Ad-Hoc|x64.ActiveCfg = Release|Any CPU
		{91F8D883-D3BC-4FA5-B510-3E0964B60E92}.Ad-Hoc|x86.ActiveCfg = Release|x86
		{91F8D883-D3BC-4FA5-B510-3E0964B60E92}.Ad-Hoc|x86.Build.0 = Release|x86
		{91F8D883-D3BC-4FA5-B510-3E0964B60E92}.Ad-Hoc|x86.Deploy.0 = Release|x86
		{91F8D883-D3BC-4FA5-B510-3E0964B60E92}.AppStore|Any CPU.ActiveCfg = Release|Any CPU
		{91F8D883-D3BC-4FA5-B510-3E0964B60E92}.AppStore|Any CPU.Build.0 = Release|Any CPU
		{91F8D883-D3BC-4FA5-B510-3E0964B60E92}.AppStore|Any CPU.Deploy.0 = Release|Any CPU
		{91F8D883-D3BC-4FA5-B510-3E0964B60E92}.AppStore|ARM.ActiveCfg = Release|ARM
		{91F8D883-D3BC-4FA5-B510-3E0964B60E92}.AppStore|ARM.Build.0 = Release|ARM
		{91F8D883-D3BC-4FA5-B510-3E0964B60E92}.AppStore|ARM.Deploy.0 = Release|ARM
		{91F8D883-D3BC-4FA5-B510-3E0964B60E92}.AppStore|iPhone.ActiveCfg = Release|Any CPU
		{91F8D883-D3BC-4FA5-B510-3E0964B60E92}.AppStore|iPhoneSimulator.ActiveCfg = Release|Any CPU
		{91F8D883-D3BC-4FA5-B510-3E0964B60E92}.AppStore|Mixed Platforms.ActiveCfg = Release|x86
		{91F8D883-D3BC-4FA5-B510-3E0964B60E92}.AppStore|Mixed Platforms.Build.0 = Release|x86
		{91F8D883-D3BC-4FA5-B510-3E0964B60E92}.AppStore|Mixed Platforms.Deploy.0 = Release|x86
		{91F8D883-D3BC-4FA5-B510-3E0964B60E92}.AppStore|x64.ActiveCfg = Release|Any CPU
		{91F8D883-D3BC-4FA5-B510-3E0964B60E92}.AppStore|x86.ActiveCfg = Release|x86
		{91F8D883-D3BC-4FA5-B510-3E0964B60E92}.AppStore|x86.Build.0 = Release|x86
		{91F8D883-D3BC-4FA5-B510-3E0964B60E92}.AppStore|x86.Deploy.0 = Release|x86
		{91F8D883-D3BC-4FA5-B510-3E0964B60E92}.Debug|Any CPU.ActiveCfg = Debug|Any CPU
		{91F8D883-D3BC-4FA5-B510-3E0964B60E92}.Debug|Any CPU.Build.0 = Debug|Any CPU
		{91F8D883-D3BC-4FA5-B510-3E0964B60E92}.Debug|Any CPU.Deploy.0 = Debug|Any CPU
		{91F8D883-D3BC-4FA5-B510-3E0964B60E92}.Debug|ARM.ActiveCfg = Debug|ARM
		{91F8D883-D3BC-4FA5-B510-3E0964B60E92}.Debug|ARM.Build.0 = Debug|ARM
		{91F8D883-D3BC-4FA5-B510-3E0964B60E92}.Debug|ARM.Deploy.0 = Debug|ARM
		{91F8D883-D3BC-4FA5-B510-3E0964B60E92}.Debug|iPhone.ActiveCfg = Debug|Any CPU
		{91F8D883-D3BC-4FA5-B510-3E0964B60E92}.Debug|iPhoneSimulator.ActiveCfg = Debug|Any CPU
		{91F8D883-D3BC-4FA5-B510-3E0964B60E92}.Debug|Mixed Platforms.ActiveCfg = Debug|x86
		{91F8D883-D3BC-4FA5-B510-3E0964B60E92}.Debug|Mixed Platforms.Build.0 = Debug|x86
		{91F8D883-D3BC-4FA5-B510-3E0964B60E92}.Debug|Mixed Platforms.Deploy.0 = Debug|x86
		{91F8D883-D3BC-4FA5-B510-3E0964B60E92}.Debug|x64.ActiveCfg = Debug|Any CPU
		{91F8D883-D3BC-4FA5-B510-3E0964B60E92}.Debug|x86.ActiveCfg = Debug|x86
		{91F8D883-D3BC-4FA5-B510-3E0964B60E92}.Debug|x86.Build.0 = Debug|x86
		{91F8D883-D3BC-4FA5-B510-3E0964B60E92}.Debug|x86.Deploy.0 = Debug|x86
		{91F8D883-D3BC-4FA5-B510-3E0964B60E92}.Release|Any CPU.ActiveCfg = Release|Any CPU
		{91F8D883-D3BC-4FA5-B510-3E0964B60E92}.Release|Any CPU.Build.0 = Release|Any CPU
		{91F8D883-D3BC-4FA5-B510-3E0964B60E92}.Release|Any CPU.Deploy.0 = Release|Any CPU
		{91F8D883-D3BC-4FA5-B510-3E0964B60E92}.Release|ARM.ActiveCfg = Release|ARM
		{91F8D883-D3BC-4FA5-B510-3E0964B60E92}.Release|ARM.Build.0 = Release|ARM
		{91F8D883-D3BC-4FA5-B510-3E0964B60E92}.Release|ARM.Deploy.0 = Release|ARM
		{91F8D883-D3BC-4FA5-B510-3E0964B60E92}.Release|iPhone.ActiveCfg = Release|Any CPU
		{91F8D883-D3BC-4FA5-B510-3E0964B60E92}.Release|iPhoneSimulator.ActiveCfg = Release|Any CPU
		{91F8D883-D3BC-4FA5-B510-3E0964B60E92}.Release|Mixed Platforms.ActiveCfg = Release|x86
		{91F8D883-D3BC-4FA5-B510-3E0964B60E92}.Release|Mixed Platforms.Build.0 = Release|x86
		{91F8D883-D3BC-4FA5-B510-3E0964B60E92}.Release|Mixed Platforms.Deploy.0 = Release|x86
		{91F8D883-D3BC-4FA5-B510-3E0964B60E92}.Release|x64.ActiveCfg = Release|Any CPU
		{91F8D883-D3BC-4FA5-B510-3E0964B60E92}.Release|x86.ActiveCfg = Release|x86
		{91F8D883-D3BC-4FA5-B510-3E0964B60E92}.Release|x86.Build.0 = Release|x86
		{91F8D883-D3BC-4FA5-B510-3E0964B60E92}.Release|x86.Deploy.0 = Release|x86
		{1CE4F87E-E6A0-4256-B423-7B664F8281C3}.Ad-Hoc|Any CPU.ActiveCfg = Ad-Hoc|iPhone
		{1CE4F87E-E6A0-4256-B423-7B664F8281C3}.Ad-Hoc|ARM.ActiveCfg = Ad-Hoc|iPhone
		{1CE4F87E-E6A0-4256-B423-7B664F8281C3}.Ad-Hoc|iPhone.ActiveCfg = Ad-Hoc|iPhone
		{1CE4F87E-E6A0-4256-B423-7B664F8281C3}.Ad-Hoc|iPhone.Build.0 = Ad-Hoc|iPhone
		{1CE4F87E-E6A0-4256-B423-7B664F8281C3}.Ad-Hoc|iPhoneSimulator.ActiveCfg = Ad-Hoc|iPhoneSimulator
		{1CE4F87E-E6A0-4256-B423-7B664F8281C3}.Ad-Hoc|iPhoneSimulator.Build.0 = Ad-Hoc|iPhoneSimulator
		{1CE4F87E-E6A0-4256-B423-7B664F8281C3}.Ad-Hoc|Mixed Platforms.ActiveCfg = Ad-Hoc|iPhone
		{1CE4F87E-E6A0-4256-B423-7B664F8281C3}.Ad-Hoc|Mixed Platforms.Build.0 = Ad-Hoc|iPhone
		{1CE4F87E-E6A0-4256-B423-7B664F8281C3}.Ad-Hoc|x64.ActiveCfg = Ad-Hoc|iPhone
		{1CE4F87E-E6A0-4256-B423-7B664F8281C3}.Ad-Hoc|x86.ActiveCfg = Ad-Hoc|iPhone
		{1CE4F87E-E6A0-4256-B423-7B664F8281C3}.AppStore|Any CPU.ActiveCfg = AppStore|iPhone
		{1CE4F87E-E6A0-4256-B423-7B664F8281C3}.AppStore|ARM.ActiveCfg = AppStore|iPhone
		{1CE4F87E-E6A0-4256-B423-7B664F8281C3}.AppStore|iPhone.ActiveCfg = AppStore|iPhone
		{1CE4F87E-E6A0-4256-B423-7B664F8281C3}.AppStore|iPhone.Build.0 = AppStore|iPhone
		{1CE4F87E-E6A0-4256-B423-7B664F8281C3}.AppStore|iPhoneSimulator.ActiveCfg = AppStore|iPhoneSimulator
		{1CE4F87E-E6A0-4256-B423-7B664F8281C3}.AppStore|iPhoneSimulator.Build.0 = AppStore|iPhoneSimulator
		{1CE4F87E-E6A0-4256-B423-7B664F8281C3}.AppStore|Mixed Platforms.ActiveCfg = AppStore|iPhone
		{1CE4F87E-E6A0-4256-B423-7B664F8281C3}.AppStore|Mixed Platforms.Build.0 = AppStore|iPhone
		{1CE4F87E-E6A0-4256-B423-7B664F8281C3}.AppStore|x64.ActiveCfg = AppStore|iPhone
		{1CE4F87E-E6A0-4256-B423-7B664F8281C3}.AppStore|x86.ActiveCfg = AppStore|iPhone
		{1CE4F87E-E6A0-4256-B423-7B664F8281C3}.Debug|Any CPU.ActiveCfg = Debug|iPhone
		{1CE4F87E-E6A0-4256-B423-7B664F8281C3}.Debug|ARM.ActiveCfg = Debug|iPhone
		{1CE4F87E-E6A0-4256-B423-7B664F8281C3}.Debug|iPhone.ActiveCfg = Debug|iPhone
		{1CE4F87E-E6A0-4256-B423-7B664F8281C3}.Debug|iPhone.Build.0 = Debug|iPhone
		{1CE4F87E-E6A0-4256-B423-7B664F8281C3}.Debug|iPhoneSimulator.ActiveCfg = Debug|iPhoneSimulator
		{1CE4F87E-E6A0-4256-B423-7B664F8281C3}.Debug|iPhoneSimulator.Build.0 = Debug|iPhoneSimulator
		{1CE4F87E-E6A0-4256-B423-7B664F8281C3}.Debug|Mixed Platforms.ActiveCfg = Debug|iPhone
		{1CE4F87E-E6A0-4256-B423-7B664F8281C3}.Debug|Mixed Platforms.Build.0 = Debug|iPhone
		{1CE4F87E-E6A0-4256-B423-7B664F8281C3}.Debug|x64.ActiveCfg = Debug|iPhone
		{1CE4F87E-E6A0-4256-B423-7B664F8281C3}.Debug|x86.ActiveCfg = Debug|iPhone
		{1CE4F87E-E6A0-4256-B423-7B664F8281C3}.Release|Any CPU.ActiveCfg = Release|iPhone
		{1CE4F87E-E6A0-4256-B423-7B664F8281C3}.Release|ARM.ActiveCfg = Release|iPhone
		{1CE4F87E-E6A0-4256-B423-7B664F8281C3}.Release|iPhone.ActiveCfg = Release|iPhone
		{1CE4F87E-E6A0-4256-B423-7B664F8281C3}.Release|iPhone.Build.0 = Release|iPhone
		{1CE4F87E-E6A0-4256-B423-7B664F8281C3}.Release|iPhoneSimulator.ActiveCfg = Release|iPhoneSimulator
		{1CE4F87E-E6A0-4256-B423-7B664F8281C3}.Release|iPhoneSimulator.Build.0 = Release|iPhoneSimulator
		{1CE4F87E-E6A0-4256-B423-7B664F8281C3}.Release|Mixed Platforms.ActiveCfg = Release|iPhone
		{1CE4F87E-E6A0-4256-B423-7B664F8281C3}.Release|Mixed Platforms.Build.0 = Release|iPhone
		{1CE4F87E-E6A0-4256-B423-7B664F8281C3}.Release|x64.ActiveCfg = Release|iPhone
		{1CE4F87E-E6A0-4256-B423-7B664F8281C3}.Release|x86.ActiveCfg = Release|iPhone
	EndGlobalSection
	GlobalSection(SolutionProperties) = preSolution
		HideSolutionNode = FALSE
	EndGlobalSection
EndGlobal
